https://d29vzk4ow07wi7.cloudfront.net/e7bc74ed1f0447a48b8c86f3685d8c6d0640d39895e6e4550488beeb4f870926?response-content-disposition=attachment%3Bfilename%3D%22Squirrel-0.14.0.zip%22&Policy=eyJTdGF0ZW1lbnQiOiBbeyJSZXNvdXJjZSI6Imh0dHAqOi8vZDI5dnprNG93MDd3aTcuY2xvdWRmcm9udC5uZXQvZTdiYzc0ZWQxZjA0NDdhNDhiOGM4NmYzNjg1ZDhjNmQwNjQwZDM5ODk1ZTZlNDU1MDQ4OGJlZWI0Zjg3MDkyNj9yZXNwb25zZS1jb250ZW50LWRpc3Bvc2l0aW9uPWF0dGFjaG1lbnQlM0JmaWxlbmFtZSUzRCUyMlNxdWlycmVsLTAuMTQuMC56aXAlMjIiLCJDb25kaXRpb24iOnsiRGF0ZUxlc3NUaGFuIjp7IkFXUzpFcG9jaFRpbWUiOjE2MTE3NDkzMjl9LCJJcEFkZHJlc3MiOnsiQVdTOlNvdXJjZUlwIjoiMC4wLjAuMC8wIn19fV19&Signature=esE-IjY2cqtWDU9n9kCwbGCyOil~A2xW6BSIqA18ND-C38E3dl-RoxYam7zD2XNrDkoNvHUVFtr5GguJYYTTJKi1ug1CffgKPnIRopYhzWS5yxQU340TUNQa3CP9Sg1N41YY0cNb4QxHt6HH~7GB-v~FjQrxeHKBzfraOSU~4L8vpmWciRXaL-w-vqU8zXol8g8qZlddQK0LRG2qh3ZT3Iu~32Zb0TIrsi0UG8Uz1PVgAp6qgWIs1X1pTLjVXd37qQ4SxYe-LXiXgcuRP61bLv08XIyGSlq7LzqNxgtJqCngIAGY-AmhJRIbRkVKncnXwlp4eO~rzyfrawbovv2dTA__&Key-Pair-Id=APKAIFKFWOMXM2UMTSFA	
 gid=2f8aa4a343e377cc
 pause=true
 out=Squirrel-0.14.0.zip
 header=Cookie:
 header=User-Agent: Mozilla/5.0 (X11; Linux x86_64) AppleWebKit/537.36 (KHTML, like Gecko) Chrome/87.0.4280.141 Safari/537.36
 header=Connection: keep-alive
 header=Referer:
